<?xml version="1.0" encoding="utf-8"?>
<Project ToolsVersion="4.0" xmlns="http://schemas.microsoft.com/developer/msbuild/2003">
  <ItemGroup>
    <Filter Include="Source Files">
      <UniqueIdentifier>{4FC737F1-C7A5-4376-A066-2A32D752A2FF}</UniqueIdentifier>
      <Extensions>cpp;c;cc;cxx;def;odl;idl;hpj;bat;asm;asmx</Extensions>
    </Filter>
    <Filter Include="Header Files">
      <UniqueIdentifier>{93995380-89BD-4b04-88EB-625FBE52EBFB}</UniqueIdentifier>
      <Extensions>h;hh;hpp;hxx;hm;inl;inc;ipp;xsd</Extensions>
    </Filter>
    <Filter Include="Resource Files">
      <UniqueIdentifier>{67DA6AB6-F800-4c08-8B7A-83BB121AAD01}</UniqueIdentifier>
      <Extensions>rc;ico;cur;bmp;dlg;rc2;rct;bin;rgs;gif;jpg;jpeg;jpe;resx;tiff;tif;png;wav;mfcribbon-ms</Extensions>
    </Filter>
    <Filter Include="Source Files\Engine">
      <UniqueIdentifier>{120b35c5-3d7b-49ab-aa53-dfdae5bebba6}</UniqueIdentifier>
    </Filter>
    <Filter Include="Header Files\Engine">
      <UniqueIdentifier>{24697a8a-43b0-48b4-bf1c-a6af7ce57df6}</UniqueIdentifier>
    </Filter>
    <Filter Include="Header Files\Lua">
      <UniqueIdentifier>{190dd2e7-9153-4161-a4d1-06959f79fd67}</UniqueIdentifier>
    </Filter>
    <Filter Include="Source Files\Lua">
      <UniqueIdentifier>{6b2b628b-a400-45c2-b944-21b714e80c02}</UniqueIdentifier>
    </Filter>
    <Filter Include="Header Files\Engine\Lua">
      <UniqueIdentifier>{4db503ec-1239-4c58-ba11-0798a114443a}</UniqueIdentifier>
    </Filter>
    <Filter Include="Source Files\Engine\Lua">
      <UniqueIdentifier>{a1b5d004-f37a-443f-84a9-51d057080514}</UniqueIdentifier>
    </Filter>
    <Filter Include="Header Files\Util">
      <UniqueIdentifier>{ea0399d8-7cd7-406c-a642-bb29098f046c}</UniqueIdentifier>
    </Filter>
    <Filter Include="Header Files\Engine\Lua\Functions">
      <UniqueIdentifier>{5d336bf0-0622-4b96-abcc-6a4e60d21784}</UniqueIdentifier>
    </Filter>
    <Filter Include="Source Files\Engine\Lua\Functions">
      <UniqueIdentifier>{f24878eb-555e-4353-9895-81d0c860370d}</UniqueIdentifier>
    </Filter>
    <Filter Include="Lua Src">
      <UniqueIdentifier>{3de0c5c3-5a33-4c25-8920-4da38ca962e0}</UniqueIdentifier>
    </Filter>
    <Filter Include="Source Files\Engine\Modules">
      <UniqueIdentifier>{f3f763ac-58c6-4725-97a1-80fa860488fe}</UniqueIdentifier>
    </Filter>
    <Filter Include="Header Files\Engine\Modules">
      <UniqueIdentifier>{654fc7ba-6c16-4036-a52b-6a26edff8199}</UniqueIdentifier>
    </Filter>
  </ItemGroup>
  <ItemGroup>
    <ClCompile Include="main.cpp">
      <Filter>Source Files\Engine</Filter>
    </ClCompile>
    <ClCompile Include="..\Lua\lapi.c">
      <Filter>Source Files\Lua</Filter>
    </ClCompile>
    <ClCompile Include="..\Lua\lauxlib.c">
      <Filter>Source Files\Lua</Filter>
    </ClCompile>
    <ClCompile Include="..\Lua\lbaselib.c">
      <Filter>Source Files\Lua</Filter>
    </ClCompile>
    <ClCompile Include="..\Lua\lbitlib.c">
      <Filter>Source Files\Lua</Filter>
    </ClCompile>
    <ClCompile Include="..\Lua\lcorolib.c">
      <Filter>Source Files\Lua</Filter>
    </ClCompile>
    <ClCompile Include="..\Lua\lcode.c">
      <Filter>Source Files\Lua</Filter>
    </ClCompile>
    <ClCompile Include="..\Lua\lctype.c">
      <Filter>Source Files\Lua</Filter>
    </ClCompile>
    <ClCompile Include="..\Lua\ldblib.c">
      <Filter>Source Files\Lua</Filter>
    </ClCompile>
    <ClCompile Include="..\Lua\ldebug.c">
      <Filter>Source Files\Lua</Filter>
    </ClCompile>
    <ClCompile Include="..\Lua\ldo.c">
      <Filter>Source Files\Lua</Filter>
    </ClCompile>
    <ClCompile Include="..\Lua\ldump.c">
      <Filter>Source Files\Lua</Filter>
    </ClCompile>
    <ClCompile Include="..\Lua\lfunc.c">
      <Filter>Source Files\Lua</Filter>
    </ClCompile>
    <ClCompile Include="..\Lua\lgc.c">
      <Filter>Source Files\Lua</Filter>
    </ClCompile>
    <ClCompile Include="..\Lua\linit.c">
      <Filter>Source Files\Lua</Filter>
    </ClCompile>
    <ClCompile Include="..\Lua\liolib.c">
      <Filter>Source Files\Lua</Filter>
    </ClCompile>
    <ClCompile Include="..\Lua\llex.c">
      <Filter>Source Files\Lua</Filter>
    </ClCompile>
    <ClCompile Include="..\Lua\lmathlib.c">
      <Filter>Source Files\Lua</Filter>
    </ClCompile>
    <ClCompile Include="..\Lua\lmem.c">
      <Filter>Source Files\Lua</Filter>
    </ClCompile>
    <ClCompile Include="..\Lua\lobject.c">
      <Filter>Source Files\Lua</Filter>
    </ClCompile>
    <ClCompile Include="..\Lua\loadlib.c">
      <Filter>Source Files\Lua</Filter>
    </ClCompile>
    <ClCompile Include="..\Lua\lopcodes.c">
      <Filter>Source Files\Lua</Filter>
    </ClCompile>
    <ClCompile Include="..\Lua\loslib.c">
      <Filter>Source Files\Lua</Filter>
    </ClCompile>
    <ClCompile Include="..\Lua\lparser.c">
      <Filter>Source Files\Lua</Filter>
    </ClCompile>
    <ClCompile Include="..\Lua\lstring.c">
      <Filter>Source Files\Lua</Filter>
    </ClCompile>
    <ClCompile Include="..\Lua\lstate.c">
      <Filter>Source Files\Lua</Filter>
    </ClCompile>
    <ClCompile Include="..\Lua\lstrlib.c">
      <Filter>Source Files\Lua</Filter>
    </ClCompile>
    <ClCompile Include="..\Lua\ltable.c">
      <Filter>Source Files\Lua</Filter>
    </ClCompile>
    <ClCompile Include="..\Lua\ltablib.c">
      <Filter>Source Files\Lua</Filter>
    </ClCompile>
    <ClCompile Include="..\Lua\ltm.c">
      <Filter>Source Files\Lua</Filter>
    </ClCompile>
    <ClCompile Include="..\Lua\lua.c">
      <Filter>Source Files\Lua</Filter>
    </ClCompile>
    <ClCompile Include="..\Lua\luac.c">
      <Filter>Source Files\Lua</Filter>
    </ClCompile>
    <ClCompile Include="..\Lua\lundump.c">
      <Filter>Source Files\Lua</Filter>
    </ClCompile>
    <ClCompile Include="..\Lua\lutf8lib.c">
      <Filter>Source Files\Lua</Filter>
    </ClCompile>
    <ClCompile Include="..\Lua\lvm.c">
      <Filter>Source Files\Lua</Filter>
    </ClCompile>
    <ClCompile Include="..\Lua\lzio.c">
      <Filter>Source Files\Lua</Filter>
    </ClCompile>
    <ClCompile Include="engine.Atan2.cpp">
      <Filter>Source Files\Engine\Lua\Functions</Filter>
    </ClCompile>
    <ClCompile Include="engine.CheckKey.cpp">
      <Filter>Source Files\Engine\Lua\Functions</Filter>
    </ClCompile>
    <ClCompile Include="engine.LaunchWindow.cpp">
      <Filter>Source Files\Engine\Lua\Functions</Filter>
    </ClCompile>
    <ClCompile Include="engine.SetDrawColour.cpp">
      <Filter>Source Files\Engine\Lua\Functions</Filter>
    </ClCompile>
    <ClCompile Include="engine.LoadTexture.cpp">
      <Filter>Source Files\Engine\Lua\Functions</Filter>
    </ClCompile>
    <ClCompile Include="engine.DrawTriangle.cpp">
      <Filter>Source Files\Engine\Lua\Functions</Filter>
    </ClCompile>
    <ClCompile Include="engine.DrawRect.cpp">
      <Filter>Source Files\Engine\Lua\Functions</Filter>
    </ClCompile>
    <ClCompile Include="engine.BindTexture.cpp">
      <Filter>Source Files\Engine\Lua\Functions</Filter>
    </ClCompile>
    <ClCompile Include="engine.SetFullscreen.cpp">
      <Filter>Source Files\Engine\Lua\Functions</Filter>
    </ClCompile>
    <ClCompile Include="engine.GetMousePosition.cpp">
      <Filter>Source Files\Engine\Lua\Functions</Filter>
    </ClCompile>
    <ClCompile Include="engine.Error.cpp">
      <Filter>Source Files\Engine\Lua\Functions</Filter>
    </ClCompile>
    <ClCompile Include="Keyboard.cpp">
      <Filter>Source Files\Engine\Modules</Filter>
    </ClCompile>
    <ClCompile Include="Render.cpp">
      <Filter>Source Files\Engine\Modules</Filter>
    </ClCompile>
    <ClCompile Include="Engine.cpp">
      <Filter>Source Files\Engine\Modules</Filter>
    </ClCompile>
  </ItemGroup>
  <ItemGroup>
    <ClInclude Include="..\Lua\lapi.h">
      <Filter>Header Files\Lua</Filter>
    </ClInclude>
    <ClInclude Include="..\Lua\lauxlib.h">
      <Filter>Header Files\Lua</Filter>
    </ClInclude>
    <ClInclude Include="..\Lua\lcode.h">
      <Filter>Header Files\Lua</Filter>
    </ClInclude>
    <ClInclude Include="..\Lua\lctype.h">
      <Filter>Header Files\Lua</Filter>
    </ClInclude>
    <ClInclude Include="..\Lua\ldebug.h">
      <Filter>Header Files\Lua</Filter>
    </ClInclude>
    <ClInclude Include="..\Lua\ldo.h">
      <Filter>Header Files\Lua</Filter>
    </ClInclude>
    <ClInclude Include="..\Lua\lfunc.h">
      <Filter>Header Files\Lua</Filter>
    </ClInclude>
    <ClInclude Include="..\Lua\lgc.h">
      <Filter>Header Files\Lua</Filter>
    </ClInclude>
    <ClInclude Include="..\Lua\llex.h">
      <Filter>Header Files\Lua</Filter>
    </ClInclude>
    <ClInclude Include="..\Lua\llimits.h">
      <Filter>Header Files\Lua</Filter>
    </ClInclude>
    <ClInclude Include="..\Lua\lmem.h">
      <Filter>Header Files\Lua</Filter>
    </ClInclude>
    <ClInclude Include="..\Lua\lobject.h">
      <Filter>Header Files\Lua</Filter>
    </ClInclude>
    <ClInclude Include="..\Lua\lopcodes.h">
      <Filter>Header Files\Lua</Filter>
    </ClInclude>
    <ClInclude Include="..\Lua\lparser.h">
      <Filter>Header Files\Lua</Filter>
    </ClInclude>
    <ClInclude Include="..\Lua\lprefix.h">
      <Filter>Header Files\Lua</Filter>
    </ClInclude>
    <ClInclude Include="..\Lua\lstate.h">
      <Filter>Header Files\Lua</Filter>
    </ClInclude>
    <ClInclude Include="..\Lua\lstring.h">
      <Filter>Header Files\Lua</Filter>
    </ClInclude>
    <ClInclude Include="..\Lua\ltable.h">
      <Filter>Header Files\Lua</Filter>
    </ClInclude>
    <ClInclude Include="..\Lua\ltm.h">
      <Filter>Header Files\Lua</Filter>
    </ClInclude>
    <ClInclude Include="..\Lua\lua.h">
      <Filter>Header Files\Lua</Filter>
    </ClInclude>
    <ClInclude Include="..\Lua\lua.hpp">
      <Filter>Header Files\Lua</Filter>
    </ClInclude>
    <ClInclude Include="..\Lua\luaconf.h">
      <Filter>Header Files\Lua</Filter>
    </ClInclude>
    <ClInclude Include="..\Lua\lualib.h">
      <Filter>Header Files\Lua</Filter>
    </ClInclude>
    <ClInclude Include="..\Lua\lundump.h">
      <Filter>Header Files\Lua</Filter>
    </ClInclude>
    <ClInclude Include="..\Lua\lvm.h">
      <Filter>Header Files\Lua</Filter>
    </ClInclude>
    <ClInclude Include="..\Lua\lzio.h">
      <Filter>Header Files\Lua</Filter>
    </ClInclude>
    <ClInclude Include="BaseLuaFunction.hpp">
      <Filter>Header Files\Engine\Lua</Filter>
    </ClInclude>
    <ClInclude Include="Singleton.hpp">
      <Filter>Header Files\Util</Filter>
    </ClInclude>
    <ClInclude Include="engine.CheckKey.hpp">
      <Filter>Header Files\Engine\Lua\Functions</Filter>
    </ClInclude>
    <ClInclude Include="engine.Atan2.hpp">
      <Filter>Header Files\Engine\Lua\Functions</Filter>
    </ClInclude>
    <ClInclude Include="engine.Error.hpp">
      <Filter>Header Files\Engine\Lua\Functions</Filter>
    </ClInclude>
    <ClInclude Include="engine.GetMousePosition.hpp">
      <Filter>Header Files\Engine\Lua\Functions</Filter>
    </ClInclude>
    <ClInclude Include="engine.SetFullscreen.hpp">
      <Filter>Header Files\Engine\Lua\Functions</Filter>
    </ClInclude>
    <ClInclude Include="engine.BindTexture.hpp">
      <Filter>Header Files\Engine\Lua\Functions</Filter>
    </ClInclude>
    <ClInclude Include="engine.DrawRect.hpp">
      <Filter>Header Files\Engine\Lua\Functions</Filter>
    </ClInclude>
    <ClInclude Include="engine.DrawTriangle.hpp">
      <Filter>Header Files\Engine\Lua\Functions</Filter>
    </ClInclude>
    <ClInclude Include="engine.LoadTexture.hpp">
      <Filter>Header Files\Engine\Lua\Functions</Filter>
    </ClInclude>
    <ClInclude Include="engine.SetDrawColour.hpp">
      <Filter>Header Files\Engine\Lua\Functions</Filter>
    </ClInclude>
    <ClInclude Include="engine.LaunchWindow.hpp">
      <Filter>Header Files\Engine\Lua\Functions</Filter>
    </ClInclude>
    <ClInclude Include="EngineModule.hpp">
      <Filter>Header Files\Engine</Filter>
    </ClInclude>
    <ClInclude Include="Engine.hpp">
      <Filter>Header Files\Engine\Modules</Filter>
    </ClInclude>
    <ClInclude Include="Keyboard.hpp">
      <Filter>Header Files\Engine\Modules</Filter>
    </ClInclude>
    <ClInclude Include="Render.hpp">
      <Filter>Header Files\Engine\Modules</Filter>
    </ClInclude>
  </ItemGroup>
  <ItemGroup>
    <None Include="..\.gitattributes" />
    <None Include="..\.gitignore" />
    <None Include="..\Debug\lua_base\g3Lua_v1.lua">
      <Filter>Lua Src</Filter>
    </None>
    <None Include="..\Debug\lua_base\game.lua">
      <Filter>Lua Src</Filter>
    </None>
    <None Include="..\Debug\lua_base\hooks.lua">
      <Filter>Lua Src</Filter>
    </None>
    <None Include="..\Debug\lua_base\main - particles.lua">
      <Filter>Lua Src</Filter>
    </None>
    <None Include="..\Debug\lua_base\main.lua">
      <Filter>Lua Src</Filter>
    </None>
    <None Include="..\Debug\lua_base\render.lua">
      <Filter>Lua Src</Filter>
    </None>
    <None Include="..\Debug\lua_base\sdlk.lua">
      <Filter>Lua Src</Filter>
    </None>
  </ItemGroup>
  <ItemGroup>
    <Text Include="..\API.txt" />
    <Text Include="..\LICENSEINFO.txt" />
  </ItemGroup>
</Project>